
Microsoft Visual Studio Solution File, Format Version 12.00
# Visual Studio 14
VisualStudioVersion = 14.0.25420.1
MinimumVisualStudioVersion = 10.0.40219.1
Project("{FAE04EC0-301F-11D3-BF4B-00C04F79EFBC}") = "POOHerencia", "POOHerencia\POOHerencia.csproj", "{90DD73C2-3C84-4F1B-9D9D-43FC16541DE8}"
EndProject
Project("{FAE04EC0-301F-11D3-BF4B-00C04F79EFBC}") = "Classes", "Classes\Classes.csproj", "{3DD99438-63CA-42A1-819D-0F4051C40917}"
EndProject
Global
	GlobalSection(SolutionConfigurationPlatforms) = preSolution
		Debug|Any CPU = Debug|Any CPU
		Release|Any CPU = Release|Any CPU
	EndGlobalSection
	GlobalSection(ProjectConfigurationPlatforms) = postSolution
		{90DD73C2-3C84-4F1B-9D9D-43FC16541DE8}.Debug|Any CPU.ActiveCfg = Debug|Any CPU
		{90DD73C2-3C84-4F1B-9D9D-43FC16541DE8}.Debug|Any CPU.Build.0 = Debug|Any CPU
		{90DD73C2-3C84-4F1B-9D9D-43FC16541DE8}.Release|Any CPU.ActiveCfg = Release|Any CPU
		{90DD73C2-3C84-4F1B-9D9D-43FC16541DE8}.Release|Any CPU.Build.0 = Release|Any CPU
		{3DD99438-63CA-42A1-819D-0F4051C40917}.Debug|Any CPU.ActiveCfg = Debug|Any CPU
		{3DD99438-63CA-42A1-819D-0F4051C40917}.Debug|Any CPU.Build.0 = Debug|Any CPU
		{3DD99438-63CA-42A1-819D-0F4051C40917}.Release|Any CPU.ActiveCfg = Release|Any CPU
		{3DD99438-63CA-42A1-819D-0F4051C40917}.Release|Any CPU.Build.0 = Release|Any CPU
	EndGlobalSection
	GlobalSection(SolutionProperties) = preSolution
		HideSolutionNode = FALSE
	EndGlobalSection
EndGlobal
